
Microsoft Visual Studio Solution File, Format Version 12.00
# Visual Studio Version 17
VisualStudioVersion = 17.12.35527.113
MinimumVisualStudioVersion = 10.0.40219.1
Project("{8BC9CEB8-8B4A-11D0-8D11-00A0C91BC942}") = "14.3#1", "14.3#1\14.3#1.vcxproj", "{83EDDAB2-F377-4953-AE80-2A696307D731}"
EndProject
Project("{8BC9CEB8-8B4A-11D0-8D11-00A0C91BC942}") = "14.3#2", "14.3#2\14.3#2.vcxproj", "{F3370356-0AF6-4685-A796-8C69B7AB452F}"
EndProject
Project("{8BC9CEB8-8B4A-11D0-8D11-00A0C91BC942}") = "14.5#2", "14.5#2\14.5#2.vcxproj", "{9E66233C-9102-46C8-90A3-52DEB4823C4D}"
EndProject
Project("{8BC9CEB8-8B4A-11D0-8D11-00A0C91BC942}") = "14.10#1", "14.10#1\14.10#1.vcxproj", "{E4EB0C4F-F8F5-4DFF-92C0-CBA1F3143315}"
EndProject
Project("{8BC9CEB8-8B4A-11D0-8D11-00A0C91BC942}") = "14.12#1", "14.12#1\14.12#1.vcxproj", "{6551A2C4-FF4B-46EB-9CE9-A810B51E2F35}"
EndProject
Project("{8BC9CEB8-8B4A-11D0-8D11-00A0C91BC942}") = "14.12#2", "14.12#2\14.12#2.vcxproj", "{D5739713-D5C2-45A9-890E-FC447E3CE819}"
EndProject
Project("{8BC9CEB8-8B4A-11D0-8D11-00A0C91BC942}") = "14.x#1", "14.x#1\14.x#1.vcxproj", "{B71A3E0A-8817-494B-BC4B-3B72C45B330A}"
EndProject
Project("{8BC9CEB8-8B4A-11D0-8D11-00A0C91BC942}") = "14.x#2", "14.x#2\14.x#2.vcxproj", "{397B36FB-F3DC-425A-8EEE-705759C6FA27}"
EndProject
Global
	GlobalSection(SolutionConfigurationPlatforms) = preSolution
		Debug|x64 = Debug|x64
		Debug|x86 = Debug|x86
		Release|x64 = Release|x64
		Release|x86 = Release|x86
	EndGlobalSection
	GlobalSection(ProjectConfigurationPlatforms) = postSolution
		{83EDDAB2-F377-4953-AE80-2A696307D731}.Debug|x64.ActiveCfg = Debug|x64
		{83EDDAB2-F377-4953-AE80-2A696307D731}.Debug|x64.Build.0 = Debug|x64
		{83EDDAB2-F377-4953-AE80-2A696307D731}.Debug|x86.ActiveCfg = Debug|Win32
		{83EDDAB2-F377-4953-AE80-2A696307D731}.Debug|x86.Build.0 = Debug|Win32
		{83EDDAB2-F377-4953-AE80-2A696307D731}.Release|x64.ActiveCfg = Release|x64
		{83EDDAB2-F377-4953-AE80-2A696307D731}.Release|x64.Build.0 = Release|x64
		{83EDDAB2-F377-4953-AE80-2A696307D731}.Release|x86.ActiveCfg = Release|Win32
		{83EDDAB2-F377-4953-AE80-2A696307D731}.Release|x86.Build.0 = Release|Win32
		{F3370356-0AF6-4685-A796-8C69B7AB452F}.Debug|x64.ActiveCfg = Debug|x64
		{F3370356-0AF6-4685-A796-8C69B7AB452F}.Debug|x64.Build.0 = Debug|x64
		{F3370356-0AF6-4685-A796-8C69B7AB452F}.Debug|x86.ActiveCfg = Debug|Win32
		{F3370356-0AF6-4685-A796-8C69B7AB452F}.Debug|x86.Build.0 = Debug|Win32
		{F3370356-0AF6-4685-A796-8C69B7AB452F}.Release|x64.ActiveCfg = Release|x64
		{F3370356-0AF6-4685-A796-8C69B7AB452F}.Release|x64.Build.0 = Release|x64
		{F3370356-0AF6-4685-A796-8C69B7AB452F}.Release|x86.ActiveCfg = Release|Win32
		{F3370356-0AF6-4685-A796-8C69B7AB452F}.Release|x86.Build.0 = Release|Win32
		{9E66233C-9102-46C8-90A3-52DEB4823C4D}.Debug|x64.ActiveCfg = Debug|x64
		{9E66233C-9102-46C8-90A3-52DEB4823C4D}.Debug|x64.Build.0 = Debug|x64
		{9E66233C-9102-46C8-90A3-52DEB4823C4D}.Debug|x86.ActiveCfg = Debug|Win32
		{9E66233C-9102-46C8-90A3-52DEB4823C4D}.Debug|x86.Build.0 = Debug|Win32
		{9E66233C-9102-46C8-90A3-52DEB4823C4D}.Release|x64.ActiveCfg = Release|x64
		{9E66233C-9102-46C8-90A3-52DEB4823C4D}.Release|x64.Build.0 = Release|x64
		{9E66233C-9102-46C8-90A3-52DEB4823C4D}.Release|x86.ActiveCfg = Release|Win32
		{9E66233C-9102-46C8-90A3-52DEB4823C4D}.Release|x86.Build.0 = Release|Win32
		{E4EB0C4F-F8F5-4DFF-92C0-CBA1F3143315}.Debug|x64.ActiveCfg = Debug|x64
		{E4EB0C4F-F8F5-4DFF-92C0-CBA1F3143315}.Debug|x64.Build.0 = Debug|x64
		{E4EB0C4F-F8F5-4DFF-92C0-CBA1F3143315}.Debug|x86.ActiveCfg = Debug|Win32
		{E4EB0C4F-F8F5-4DFF-92C0-CBA1F3143315}.Debug|x86.Build.0 = Debug|Win32
		{E4EB0C4F-F8F5-4DFF-92C0-CBA1F3143315}.Release|x64.ActiveCfg = Release|x64
		{E4EB0C4F-F8F5-4DFF-92C0-CBA1F3143315}.Release|x64.Build.0 = Release|x64
		{E4EB0C4F-F8F5-4DFF-92C0-CBA1F3143315}.Release|x86.ActiveCfg = Release|Win32
		{E4EB0C4F-F8F5-4DFF-92C0-CBA1F3143315}.Release|x86.Build.0 = Release|Win32
		{6551A2C4-FF4B-46EB-9CE9-A810B51E2F35}.Debug|x64.ActiveCfg = Debug|x64
		{6551A2C4-FF4B-46EB-9CE9-A810B51E2F35}.Debug|x64.Build.0 = Debug|x64
		{6551A2C4-FF4B-46EB-9CE9-A810B51E2F35}.Debug|x86.ActiveCfg = Debug|Win32
		{6551A2C4-FF4B-46EB-9CE9-A810B51E2F35}.Debug|x86.Build.0 = Debug|Win32
		{6551A2C4-FF4B-46EB-9CE9-A810B51E2F35}.Release|x64.ActiveCfg = Release|x64
		{6551A2C4-FF4B-46EB-9CE9-A810B51E2F35}.Release|x64.Build.0 = Release|x64
		{6551A2C4-FF4B-46EB-9CE9-A810B51E2F35}.Release|x86.ActiveCfg = Release|Win32
		{6551A2C4-FF4B-46EB-9CE9-A810B51E2F35}.Release|x86.Build.0 = Release|Win32
		{D5739713-D5C2-45A9-890E-FC447E3CE819}.Debug|x64.ActiveCfg = Debug|x64
		{D5739713-D5C2-45A9-890E-FC447E3CE819}.Debug|x64.Build.0 = Debug|x64
		{D5739713-D5C2-45A9-890E-FC447E3CE819}.Debug|x86.ActiveCfg = Debug|Win32
		{D5739713-D5C2-45A9-890E-FC447E3CE819}.Debug|x86.Build.0 = Debug|Win32
		{D5739713-D5C2-45A9-890E-FC447E3CE819}.Release|x64.ActiveCfg = Release|x64
		{D5739713-D5C2-45A9-890E-FC447E3CE819}.Release|x64.Build.0 = Release|x64
		{D5739713-D5C2-45A9-890E-FC447E3CE819}.Release|x86.ActiveCfg = Release|Win32
		{D5739713-D5C2-45A9-890E-FC447E3CE819}.Release|x86.Build.0 = Release|Win32
		{B71A3E0A-8817-494B-BC4B-3B72C45B330A}.Debug|x64.ActiveCfg = Debug|x64
		{B71A3E0A-8817-494B-BC4B-3B72C45B330A}.Debug|x64.Build.0 = Debug|x64
		{B71A3E0A-8817-494B-BC4B-3B72C45B330A}.Debug|x86.ActiveCfg = Debug|Win32
		{B71A3E0A-8817-494B-BC4B-3B72C45B330A}.Debug|x86.Build.0 = Debug|Win32
		{B71A3E0A-8817-494B-BC4B-3B72C45B330A}.Release|x64.ActiveCfg = Release|x64
		{B71A3E0A-8817-494B-BC4B-3B72C45B330A}.Release|x64.Build.0 = Release|x64
		{B71A3E0A-8817-494B-BC4B-3B72C45B330A}.Release|x86.ActiveCfg = Release|Win32
		{B71A3E0A-8817-494B-BC4B-3B72C45B330A}.Release|x86.Build.0 = Release|Win32
		{397B36FB-F3DC-425A-8EEE-705759C6FA27}.Debug|x64.ActiveCfg = Debug|x64
		{397B36FB-F3DC-425A-8EEE-705759C6FA27}.Debug|x64.Build.0 = Debug|x64
		{397B36FB-F3DC-425A-8EEE-705759C6FA27}.Debug|x86.ActiveCfg = Debug|Win32
		{397B36FB-F3DC-425A-8EEE-705759C6FA27}.Debug|x86.Build.0 = Debug|Win32
		{397B36FB-F3DC-425A-8EEE-705759C6FA27}.Release|x64.ActiveCfg = Release|x64
		{397B36FB-F3DC-425A-8EEE-705759C6FA27}.Release|x64.Build.0 = Release|x64
		{397B36FB-F3DC-425A-8EEE-705759C6FA27}.Release|x86.ActiveCfg = Release|Win32
		{397B36FB-F3DC-425A-8EEE-705759C6FA27}.Release|x86.Build.0 = Release|Win32
	EndGlobalSection
	GlobalSection(SolutionProperties) = preSolution
		HideSolutionNode = FALSE
	EndGlobalSection
EndGlobal
