
Microsoft Visual Studio Solution File, Format Version 12.00
# Visual Studio Version 17
VisualStudioVersion = 17.12.35527.113 d17.12
MinimumVisualStudioVersion = 10.0.40219.1
Project("{8BC9CEB8-8B4A-11D0-8D11-00A0C91BC942}") = "13.2#1", "13.2#1\13.2#1.vcxproj", "{ADE6D5B8-D419-4890-AD0D-802420E6358C}"
EndProject
Project("{8BC9CEB8-8B4A-11D0-8D11-00A0C91BC942}") = "13.2#2", "13.2#2\13.2#2.vcxproj", "{D05D9C6B-EDC9-41ED-AB63-2439242ED3E8}"
EndProject
Project("{8BC9CEB8-8B4A-11D0-8D11-00A0C91BC942}") = "13.6#1", "13.6#1\13.6#1.vcxproj", "{02DB88D2-F753-4F62-BEBD-A7F6002BB032}"
EndProject
Project("{8BC9CEB8-8B4A-11D0-8D11-00A0C91BC942}") = "13.10#1", "13.10#1\13.10#1.vcxproj", "{35B0C4F5-4ECA-483D-B345-047CDA30D549}"
EndProject
Project("{8BC9CEB8-8B4A-11D0-8D11-00A0C91BC942}") = "13.10#2", "13.10#2\13.10#2.vcxproj", "{C3A7C1FC-3209-4A43-BB23-98ACE3BF8788}"
EndProject
Global
	GlobalSection(SolutionConfigurationPlatforms) = preSolution
		Debug|x64 = Debug|x64
		Debug|x86 = Debug|x86
		Release|x64 = Release|x64
		Release|x86 = Release|x86
	EndGlobalSection
	GlobalSection(ProjectConfigurationPlatforms) = postSolution
		{ADE6D5B8-D419-4890-AD0D-802420E6358C}.Debug|x64.ActiveCfg = Debug|x64
		{ADE6D5B8-D419-4890-AD0D-802420E6358C}.Debug|x64.Build.0 = Debug|x64
		{ADE6D5B8-D419-4890-AD0D-802420E6358C}.Debug|x86.ActiveCfg = Debug|Win32
		{ADE6D5B8-D419-4890-AD0D-802420E6358C}.Debug|x86.Build.0 = Debug|Win32
		{ADE6D5B8-D419-4890-AD0D-802420E6358C}.Release|x64.ActiveCfg = Release|x64
		{ADE6D5B8-D419-4890-AD0D-802420E6358C}.Release|x64.Build.0 = Release|x64
		{ADE6D5B8-D419-4890-AD0D-802420E6358C}.Release|x86.ActiveCfg = Release|Win32
		{ADE6D5B8-D419-4890-AD0D-802420E6358C}.Release|x86.Build.0 = Release|Win32
		{D05D9C6B-EDC9-41ED-AB63-2439242ED3E8}.Debug|x64.ActiveCfg = Debug|x64
		{D05D9C6B-EDC9-41ED-AB63-2439242ED3E8}.Debug|x64.Build.0 = Debug|x64
		{D05D9C6B-EDC9-41ED-AB63-2439242ED3E8}.Debug|x86.ActiveCfg = Debug|Win32
		{D05D9C6B-EDC9-41ED-AB63-2439242ED3E8}.Debug|x86.Build.0 = Debug|Win32
		{D05D9C6B-EDC9-41ED-AB63-2439242ED3E8}.Release|x64.ActiveCfg = Release|x64
		{D05D9C6B-EDC9-41ED-AB63-2439242ED3E8}.Release|x64.Build.0 = Release|x64
		{D05D9C6B-EDC9-41ED-AB63-2439242ED3E8}.Release|x86.ActiveCfg = Release|Win32
		{D05D9C6B-EDC9-41ED-AB63-2439242ED3E8}.Release|x86.Build.0 = Release|Win32
		{02DB88D2-F753-4F62-BEBD-A7F6002BB032}.Debug|x64.ActiveCfg = Debug|x64
		{02DB88D2-F753-4F62-BEBD-A7F6002BB032}.Debug|x64.Build.0 = Debug|x64
		{02DB88D2-F753-4F62-BEBD-A7F6002BB032}.Debug|x86.ActiveCfg = Debug|Win32
		{02DB88D2-F753-4F62-BEBD-A7F6002BB032}.Debug|x86.Build.0 = Debug|Win32
		{02DB88D2-F753-4F62-BEBD-A7F6002BB032}.Release|x64.ActiveCfg = Release|x64
		{02DB88D2-F753-4F62-BEBD-A7F6002BB032}.Release|x64.Build.0 = Release|x64
		{02DB88D2-F753-4F62-BEBD-A7F6002BB032}.Release|x86.ActiveCfg = Release|Win32
		{02DB88D2-F753-4F62-BEBD-A7F6002BB032}.Release|x86.Build.0 = Release|Win32
		{35B0C4F5-4ECA-483D-B345-047CDA30D549}.Debug|x64.ActiveCfg = Debug|x64
		{35B0C4F5-4ECA-483D-B345-047CDA30D549}.Debug|x64.Build.0 = Debug|x64
		{35B0C4F5-4ECA-483D-B345-047CDA30D549}.Debug|x86.ActiveCfg = Debug|Win32
		{35B0C4F5-4ECA-483D-B345-047CDA30D549}.Debug|x86.Build.0 = Debug|Win32
		{35B0C4F5-4ECA-483D-B345-047CDA30D549}.Release|x64.ActiveCfg = Release|x64
		{35B0C4F5-4ECA-483D-B345-047CDA30D549}.Release|x64.Build.0 = Release|x64
		{35B0C4F5-4ECA-483D-B345-047CDA30D549}.Release|x86.ActiveCfg = Release|Win32
		{35B0C4F5-4ECA-483D-B345-047CDA30D549}.Release|x86.Build.0 = Release|Win32
		{C3A7C1FC-3209-4A43-BB23-98ACE3BF8788}.Debug|x64.ActiveCfg = Debug|x64
		{C3A7C1FC-3209-4A43-BB23-98ACE3BF8788}.Debug|x64.Build.0 = Debug|x64
		{C3A7C1FC-3209-4A43-BB23-98ACE3BF8788}.Debug|x86.ActiveCfg = Debug|Win32
		{C3A7C1FC-3209-4A43-BB23-98ACE3BF8788}.Debug|x86.Build.0 = Debug|Win32
		{C3A7C1FC-3209-4A43-BB23-98ACE3BF8788}.Release|x64.ActiveCfg = Release|x64
		{C3A7C1FC-3209-4A43-BB23-98ACE3BF8788}.Release|x64.Build.0 = Release|x64
		{C3A7C1FC-3209-4A43-BB23-98ACE3BF8788}.Release|x86.ActiveCfg = Release|Win32
		{C3A7C1FC-3209-4A43-BB23-98ACE3BF8788}.Release|x86.Build.0 = Release|Win32
	EndGlobalSection
	GlobalSection(SolutionProperties) = preSolution
		HideSolutionNode = FALSE
	EndGlobalSection
EndGlobal
